
Microsoft Visual Studio Solution File, Format Version 12.00
# Visual Studio 14
VisualStudioVersion = 14.0.23107.0
MinimumVisualStudioVersion = 10.0.40219.1
Project("{FAE04EC0-301F-11D3-BF4B-00C04F79EFBC}") = "Algs4", "src\Algs4\Algs4.csproj", "{5DE7A919-6608-43FC-B469-773E949EA96A}"
EndProject
Project("{FAE04EC0-301F-11D3-BF4B-00C04F79EFBC}") = "Algs4.Tests", "test\Algs4.Tests\Algs4.Tests.csproj", "{86076AD2-BD13-416F-9580-DAF2F3A129EF}"
EndProject
Global
	GlobalSection(SolutionConfigurationPlatforms) = preSolution
		Debug|Any CPU = Debug|Any CPU
		Release|Any CPU = Release|Any CPU
	EndGlobalSection
	GlobalSection(ProjectConfigurationPlatforms) = postSolution
		{5DE7A919-6608-43FC-B469-773E949EA96A}.Debug|Any CPU.ActiveCfg = Debug|Any CPU
		{5DE7A919-6608-43FC-B469-773E949EA96A}.Debug|Any CPU.Build.0 = Debug|Any CPU
		{5DE7A919-6608-43FC-B469-773E949EA96A}.Release|Any CPU.ActiveCfg = Release|Any CPU
		{5DE7A919-6608-43FC-B469-773E949EA96A}.Release|Any CPU.Build.0 = Release|Any CPU
		{86076AD2-BD13-416F-9580-DAF2F3A129EF}.Debug|Any CPU.ActiveCfg = Debug|Any CPU
		{86076AD2-BD13-416F-9580-DAF2F3A129EF}.Debug|Any CPU.Build.0 = Debug|Any CPU
		{86076AD2-BD13-416F-9580-DAF2F3A129EF}.Release|Any CPU.ActiveCfg = Release|Any CPU
		{86076AD2-BD13-416F-9580-DAF2F3A129EF}.Release|Any CPU.Build.0 = Release|Any CPU
	EndGlobalSection
	GlobalSection(SolutionProperties) = preSolution
		HideSolutionNode = FALSE
	EndGlobalSection
EndGlobal
